<?xml version="1.0" encoding="utf-8"?>
<Project ToolsVersion="4.0" xmlns="http://schemas.microsoft.com/developer/msbuild/2003">
  <ItemGroup>
    <Filter Include="Resource Files">
      <UniqueIdentifier>{D9D6E242-F8AF-46E4-B9FD-80ECBC20BA3E}</UniqueIdentifier>
      <Extensions>qrc;*</Extensions>
      <ParseFiles>false</ParseFiles>
    </Filter>
    <Filter Include="RibbonBar">
      <UniqueIdentifier>{98173978-58d8-4628-a7be-db9b67a96210}</UniqueIdentifier>
    </Filter>
    <Filter Include="ToolBar">
      <UniqueIdentifier>{725229e3-7a59-4f9d-8cd7-17cd9dc3639f}</UniqueIdentifier>
    </Filter>
    <Filter Include="MenuBar">
      <UniqueIdentifier>{262f756e-903a-4004-9833-b9a93bb359e9}</UniqueIdentifier>
    </Filter>
    <Filter Include="Utils">
      <UniqueIdentifier>{48a444f7-5242-4104-8bf6-b48690188cf5}</UniqueIdentifier>
    </Filter>
    <Filter Include="Action">
      <UniqueIdentifier>{f42641ce-24ff-48e5-8627-69f098d6eb95}</UniqueIdentifier>
    </Filter>
  </ItemGroup>
  <ItemGroup>
    <ClInclude Include="WidgetsAPI.h" />
    <ClInclude Include="stdafx.h" />
    <ClInclude Include="AActionManager.h">
      <Filter>Action</Filter>
    </ClInclude>
  </ItemGroup>
  <ItemGroup>
    <ClCompile Include="AToolBar.cpp">
      <Filter>ToolBar</Filter>
    </ClCompile>
    <ClCompile Include="stdafx.cpp" />
    <ClCompile Include="AMenuBar.cpp">
      <Filter>MenuBar</Filter>
    </ClCompile>
    <ClCompile Include="AActionManager.cpp">
      <Filter>Action</Filter>
    </ClCompile>
  </ItemGroup>
  <ItemGroup>
    <QtMoc Include="AToolBar.h">
      <Filter>ToolBar</Filter>
    </QtMoc>
    <QtMoc Include="AMenuBar.h">
      <Filter>MenuBar</Filter>
    </QtMoc>
  </ItemGroup>
</Project>